
Microsoft Visual Studio Solution File, Format Version 12.00
# Visual Studio Version 16
VisualStudioVersion = 16.0.31911.196
MinimumVisualStudioVersion = 10.0.40219.1
Project("{FAE04EC0-301F-11D3-BF4B-00C04F79EFBC}") = "145_Araba_Yaris", "145_Araba_Yaris.csproj", "{845FA7EB-2A60-48C5-9524-22D1B9DCE946}"
EndProject
Global
	GlobalSection(SolutionConfigurationPlatforms) = preSolution
		Debug|Any CPU = Debug|Any CPU
		Release|Any CPU = Release|Any CPU
	EndGlobalSection
	GlobalSection(ProjectConfigurationPlatforms) = postSolution
		{845FA7EB-2A60-48C5-9524-22D1B9DCE946}.Debug|Any CPU.ActiveCfg = Debug|Any CPU
		{845FA7EB-2A60-48C5-9524-22D1B9DCE946}.Debug|Any CPU.Build.0 = Debug|Any CPU
		{845FA7EB-2A60-48C5-9524-22D1B9DCE946}.Release|Any CPU.ActiveCfg = Release|Any CPU
		{845FA7EB-2A60-48C5-9524-22D1B9DCE946}.Release|Any CPU.Build.0 = Release|Any CPU
	EndGlobalSection
	GlobalSection(SolutionProperties) = preSolution
		HideSolutionNode = FALSE
	EndGlobalSection
	GlobalSection(ExtensibilityGlobals) = postSolution
		SolutionGuid = {2EF20F05-71DA-4DA9-BDA8-B21947B26599}
	EndGlobalSection
EndGlobal
